schema: '2.0'
stages:
  load_from_hf:
    cmd: python -m ml.src.data.load_from_hf
    deps:
    - path: ml/src/data/load_from_hf.py
      hash: md5
      md5: cd19a7fe6d23a14eb17e2fd79b91cd49
      size: 13539
    - path: shared/shared/config.py
      hash: md5
      md5: a83be47df105da0460ec0c797527d6a3
      size: 15937
    - path: shared/shared/logger.py
      hash: md5
      md5: 1f9e517a10e1a7ce9813cfed6e769596
      size: 4680
    outs:
    - path: data/raw/velib_snapshot_latest.parquet
      hash: md5
      md5: e55f1c5a28165f4a6e454d5a58acfe25
      size: 20590943
  make_dataset:
    cmd: python -m ml.src.data.make_dataset
    deps:
    - path: data/raw/velib_snapshot_latest.parquet
      hash: md5
      md5: e55f1c5a28165f4a6e454d5a58acfe25
      size: 20590943
    - path: ml/src/data/make_dataset.py
      hash: md5
      md5: c369dd30f4b65137e5cf847fc13ae4d6
      size: 11746
    - path: shared/shared/config.py
      hash: md5
      md5: a83be47df105da0460ec0c797527d6a3
      size: 15937
    - path: shared/shared/logger.py
      hash: md5
      md5: 1f9e517a10e1a7ce9813cfed6e769596
      size: 4680
    - path: shared/shared/utils/data_cleaning.py
      hash: md5
      md5: dc34045204a571b0a26860268bdc8322
      size: 14160
    outs:
    - path: data/interim/velib_cleaned_latest.parquet
      hash: md5
      md5: 3e3c83de2f86dae502487e62c50dd601
      size: 31446099
  dataviz:
    cmd: python -m ml.src.visualization.dataviz
    deps:
    - path: data/interim/velib_cleaned_latest.parquet
      hash: md5
      md5: 71c152346bec63003735a18a7df654da
      size: 30151298
    - path: data/raw/velib_snapshot_latest.parquet
      hash: md5
      md5: a188ed1ad8e8a0369c50fe577aacc70e
      size: 19617581
    - path: ml/src/visualization/dataviz.py
      hash: md5
      md5: ea8504cf3431d27149c0eac5c818c5d4
      size: 39154
    - path: shared/shared/config.py
      hash: md5
      md5: a83be47df105da0460ec0c797527d6a3
      size: 15937
    - path: shared/shared/logger.py
      hash: md5
      md5: 1f9e517a10e1a7ce9813cfed6e769596
      size: 4680
    - path: shared/shared/utils/data_cleaning.py
      hash: md5
      md5: dc34045204a571b0a26860268bdc8322
      size: 14160
    outs:
    - path: data/outputs/plots/dataviz_report.html
      hash: md5
      md5: 3d62b918ea5a6bf7439438a9c9647a2f
      size: 242453300
  build_features:
    cmd: python -m ml.src.features.build_features
    deps:
    - path: data/interim/velib_cleaned_latest.parquet
      hash: md5
      md5: 3e3c83de2f86dae502487e62c50dd601
      size: 31446099
    - path: ml/src/features/build_features.py
      hash: md5
      md5: b9ef0a0fe3428a747edfe78098d3381a
      size: 12185
    - path: ml/src/utils/_helpers.py
      hash: md5
      md5: 62de6524b22e8309e103b619b82b67c2
      size: 28630
    - path: shared/shared/config.py
      hash: md5
      md5: a83be47df105da0460ec0c797527d6a3
      size: 15937
    - path: shared/shared/logger.py
      hash: md5
      md5: 1f9e517a10e1a7ce9813cfed6e769596
      size: 4680
    - path: shared/shared/utils/data_cleaning.py
      hash: md5
      md5: dc34045204a571b0a26860268bdc8322
      size: 14160
    outs:
    - path: data/processed/stations_geo.parquet
      hash: md5
      md5: 6c3f8f4d7b8fc511d02f45d7aab7c837
      size: 56242
    - path: data/processed/test_preprocessed.parquet
      hash: md5
      md5: edd67022c24e705863256a83e67995e0
      size: 17662194
    - path: data/processed/train_preprocessed.parquet
      hash: md5
      md5: 0effdb25163ff51573107b0b227aeeb2
      size: 60078394
  train_model:
    cmd: python -m ml.src.models.train_model
    deps:
    - path: data/processed/test_preprocessed.parquet
      hash: md5
      md5: edd67022c24e705863256a83e67995e0
      size: 17662194
    - path: data/processed/train_preprocessed.parquet
      hash: md5
      md5: 0effdb25163ff51573107b0b227aeeb2
      size: 60078394
    - path: ml/src/models/_helpers.py
      hash: md5
      md5: 04de9f0e24e578ec67b9e66391077b9c
      size: 12540
    - path: ml/src/models/train_model.py
      hash: md5
      md5: 11306acb0614877b0d5d8c05ffad5e56
      size: 17650
    - path: shared/shared/config.py
      hash: md5
      md5: a83be47df105da0460ec0c797527d6a3
      size: 15937
    - path: shared/shared/logger.py
      hash: md5
      md5: 1f9e517a10e1a7ce9813cfed6e769596
      size: 4680
    outs:
    - path: data/outputs/feature_importance.png
      hash: md5
      md5: a773943cf070be0c2bf9da0e80142797
      size: 64653
    - path: data/outputs/metrics.json
      hash: md5
      md5: 2ee62d11f19c9721b526026ce9222d54
      size: 392
    - path: data/outputs/predictions_vs_actual.png
      hash: md5
      md5: a31a7b0ab875af9cbcda3db68dce8d62
      size: 374612
    - path: data/outputs/residuals_distribution.png
      hash: md5
      md5: 92a1873584cf435e722818214b48e2ee
      size: 49340
  detect_drift:
    cmd: python -m ml.src.monitoring.detect_drift
    deps:
    - path: data/processed/test_preprocessed.parquet
      hash: md5
      md5: 38ad1d26530bbe32b42e6facbfc89c8f
      size: 16345459
    - path: data/processed/train_preprocessed.parquet
      hash: md5
      md5: 0c9a09d84560b95833294f549167ce44
      size: 58086397
    - path: ml/src/models/_helpers.py
      hash: md5
      md5: 04de9f0e24e578ec67b9e66391077b9c
      size: 12540
    - path: ml/src/monitoring/detect_drift.py
      hash: md5
      md5: 0ae248cf25b69f10f6140520fa0524a5
      size: 4295
    - path: shared/shared/logger.py
      hash: md5
      md5: 1f9e517a10e1a7ce9813cfed6e769596
      size: 4680
    outs:
    - path: data/outputs/drift/drift_metrics.json
      hash: md5
      md5: 9a98128e186ccdc2bbca0eb58103ff9d
      size: 166
    - path: data/outputs/drift/drift_report.html
      hash: md5
      md5: 83dcffd96f16d4f2608f3e55a1c64070
      size: 3693884
